
Microsoft Visual Studio Solution File, Format Version 12.00
# Visual Studio Version 16
VisualStudioVersion = 16.0.32413.511
MinimumVisualStudioVersion = 10.0.40219.1
Project("{FAE04EC0-301F-11D3-BF4B-00C04F79EFBC}") = "TrancityContentManager", "TrancityContentManager\TrancityContentManager.csproj", "{EDB2A4F0-399B-4706-90B3-B17CCBB5B801}"
EndProject
Global
	GlobalSection(SolutionConfigurationPlatforms) = preSolution
		Debug|Any CPU = Debug|Any CPU
		Release|Any CPU = Release|Any CPU
	EndGlobalSection
	GlobalSection(ProjectConfigurationPlatforms) = postSolution
		{EDB2A4F0-399B-4706-90B3-B17CCBB5B801}.Debug|Any CPU.ActiveCfg = Debug|Any CPU
		{EDB2A4F0-399B-4706-90B3-B17CCBB5B801}.Debug|Any CPU.Build.0 = Debug|Any CPU
		{EDB2A4F0-399B-4706-90B3-B17CCBB5B801}.Release|Any CPU.ActiveCfg = Release|Any CPU
		{EDB2A4F0-399B-4706-90B3-B17CCBB5B801}.Release|Any CPU.Build.0 = Release|Any CPU
	EndGlobalSection
	GlobalSection(SolutionProperties) = preSolution
		HideSolutionNode = FALSE
	EndGlobalSection
	GlobalSection(ExtensibilityGlobals) = postSolution
		SolutionGuid = {FDFFE1BA-7107-4633-A562-AA15017087F1}
	EndGlobalSection
EndGlobal
